// !$*UTF8*$!
{
	archiveVersion = 1;
	classes = {
	};
	objectVersion = 46;
	objects = {

/* Begin PBXBuildFile section */
		9D2464A61A33616D003C9726 /* AppDelegate.swift in Sources */ = {isa = PBXBuildFile; fileRef = 9D2464A51A33616D003C9726 /* AppDelegate.swift */; };
		9D2464A81A33616D003C9726 /* ViewController.swift in Sources */ = {isa = PBXBuildFile; fileRef = 9D2464A71A33616D003C9726 /* ViewController.swift */; };
		9D2464AB1A33616D003C9726 /* Main.storyboard in Resources */ = {isa = PBXBuildFile; fileRef = 9D2464A91A33616D003C9726 /* Main.storyboard */; };
		9D2464AD1A33616D003C9726 /* Images.xcassets in Resources */ = {isa = PBXBuildFile; fileRef = 9D2464AC1A33616D003C9726 /* Images.xcassets */; };
		9D2464B01A33616D003C9726 /* LaunchScreen.xib in Resources */ = {isa = PBXBuildFile; fileRef = 9D2464AE1A33616D003C9726 /* LaunchScreen.xib */; };
		9D2464BC1A33616D003C9726 /* test2Tests.swift in Sources */ = {isa = PBXBuildFile; fileRef = 9D2464BB1A33616D003C9726 /* test2Tests.swift */; };
/* End PBXBuildFile section */

/* Begin PBXContainerItemProxy section */
		9D2464B61A33616D003C9726 /* PBXContainerItemProxy */ = {
			isa = PBXContainerItemProxy;
			containerPortal = 9D2464981A33616D003C9726 /* Project object */;
			proxyType = 1;
			remoteGlobalIDString = 9D24649F1A33616D003C9726;
			remoteInfo = test2;
		};
/* End PBXContainerItemProxy section */

/* Begin PBXFileReference section */
		9D2464A01A33616D003C9726 /* test2.app */ = {isa = PBXFileReference; explicitFileType = wrapper.application; includeInIndex = 0; path = test2.app; sourceTree = BUILT_PRODUCTS_DIR; };
		9D2464A41A33616D003C9726 /* Info.plist */ = {isa = PBXFileReference; lastKnownFileType = text.plist.xml; path = Info.plist; sourceTree = "<group>"; };
		9D2464A51A33616D003C9726 /* AppDelegate.swift */ = {isa = PBXFileReference; lastKnownFileType = sourcecode.swift; path = AppDelegate.swift; sourceTree = "<group>"; };
		9D2464A71A33616D003C9726 /* ViewController.swift */ = {isa = PBXFileReference; lastKnownFileType = sourcecode.swift; path = ViewController.swift; sourceTree = "<group>"; };
		9D2464AA1A33616D003C9726 /* Base */ = {isa = PBXFileReference; lastKnownFileType = file.storyboard; name = Base; path = Base.lproj/Main.storyboard; sourceTree = "<group>"; };
		9D2464AC1A33616D003C9726 /* Images.xcassets */ = {isa = PBXFileReference; lastKnownFileType = folder.assetcatalog; path = Images.xcassets; sourceTree = "<group>"; };
		9D2464AF1A33616D003C9726 /* Base */ = {isa = PBXFileReference; lastKnownFileType = file.xib; name = Base; path = Base.lproj/LaunchScreen.xib; sourceTree = "<group>"; };
		9D2464B51A33616D003C9726 /* test2Tests.xctest */ = {isa = PBXFileReference; explicitFileType = wrapper.cfbundle; includeInIndex = 0; path = test2Tests.xctest; sourceTree = BUILT_PRODUCTS_DIR; };
		9D2464BA1A33616D003C9726 /* Info.plist */ = {isa = PBXFileReference; lastKnownFileType = text.plist.xml; path = Info.plist; sourceTree = "<group>"; };
		9D2464BB1A33616D003C9726 /* test2Tests.swift */ = {isa = PBXFileReference; lastKnownFileType = sourcecode.swift; path = test2Tests.swift; sourceTree = "<group>"; };
/* End PBXFileReference section */

/* Begin PBXFrameworksBuildPhase section */
		9D24649D1A33616D003C9726 /* Frameworks */ = {
			isa = PBXFrameworksBuildPhase;
			buildActionMask = 2147483647;
			files = (
			);
			runOnlyForDeploymentPostprocessing = 0;
		};
		9D2464B21A33616D003C9726 /* Frameworks */ = {
			isa = PBXFrameworksBuildPhase;
			buildActionMask = 2147483647;
			files = (
			);
			runOnlyForDeploymentPostprocessing = 0;
		};
/* End PBXFrameworksBuildPhase section */

/* Begin PBXGroup section */
		9D2464971A33616D003C9726 = {
			isa = PBXGroup;
			children = (
				9D2464A21A33616D003C9726 /* test2 */,
				9D2464B81A33616D003C9726 /* test2Tests */,
				9D2464A11A33616D003C9726 /* Products */,
			);
			sourceTree = "<group>";
		};
		9D2464A11A33616D003C9726 /* Products */ = {
			isa = PBXGroup;
			children = (
				9D2464A01A33616D003C9726 /* test2.app */,
				9D2464B51A33616D003C9726 /* test2Tests.xctest */,
			);
			name = Products;
			sourceTree = "<group>";
		};
		9D2464A21A33616D003C9726 /* test2 */ = {
			isa = PBXGroup;
			children = (
				9D2464A51A33616D003C9726 /* AppDelegate.swift */,
				9D2464A71A33616D003C9726 /* ViewController.swift */,
				9D2464A91A33616D003C9726 /* Main.storyboard */,
				9D2464AC1A33616D003C9726 /* Images.xcassets */,
				9D2464AE1A33616D003C9726 /* LaunchScreen.xib */,
				9D2464A31A33616D003C9726 /* Supporting Files */,
			);
			path = test2;
			sourceTree = "<group>";
		};
		9D2464A31A33616D003C9726 /* Supporting Files */ = {
			isa = PBXGroup;
			children = (
				9D2464A41A33616D003C9726 /* Info.plist */,
			);
			name = "Supporting Files";
			sourceTree = "<group>";
		};
		9D2464B81A33616D003C9726 /* test2Tests */ = {
			isa = PBXGroup;
			children = (
				9D2464BB1A33616D003C9726 /* test2Tests.swift */,
				9D2464B91A33616D003C9726 /* Supporting Files */,
			);
			path = test2Tests;
			sourceTree = "<group>";
		};
		9D2464B91A33616D003C9726 /* Supporting Files */ = {
			isa = PBXGroup;
			children = (
				9D2464BA1A33616D003C9726 /* Info.plist */,
			);
			name = "Supporting Files";
			sourceTree = "<group>";
		};
/* End PBXGroup section */

/* Begin PBXNativeTarget section */
		9D24649F1A33616D003C9726 /* test2 */ = {
			isa = PBXNativeTarget;
			buildConfigurationList = 9D2464BF1A33616D003C9726 /* Build configuration list for PBXNativeTarget "test2" */;
			buildPhases = (
				9D24649C1A33616D003C9726 /* Sources */,
				9D24649D1A33616D003C9726 /* Frameworks */,
				9D24649E1A33616D003C9726 /* Resources */,
			);
			buildRules = (
			);
			dependencies = (
			);
			name = test2;
			productName = test2;
			productReference = 9D2464A01A33616D003C9726 /* test2.app */;
			productType = "com.apple.product-type.application";
		};
		9D2464B41A33616D003C9726 /* test2Tests */ = {
			isa = PBXNativeTarget;
			buildConfigurationList = 9D2464C21A33616D003C9726 /* Build configuration list for PBXNativeTarget "test2Tests" */;
			buildPhases = (
				9D2464B11A33616D003C9726 /* Sources */,
				9D2464B21A33616D003C9726 /* Frameworks */,
				9D2464B31A33616D003C9726 /* Resources */,
			);
			buildRules = (
			);
			dependencies = (
				9D2464B71A33616D003C9726 /* PBXTargetDependency */,
			);
			name = test2Tests;
			productName = test2Tests;
			productReference = 9D2464B51A33616D003C9726 /* test2Tests.xctest */;
			productType = "com.apple.product-type.bundle.unit-test";
		};
/* End PBXNativeTarget section */

/* Begin PBXProject section */
		9D2464981A33616D003C9726 /* Project object */ = {
			isa = PBXProject;
			attributes = {
				LastUpgradeCheck = 0610;
				ORGANIZATIONNAME = "Dennis Chan";
				TargetAttributes = {
					9D24649F1A33616D003C9726 = {
						CreatedOnToolsVersion = 6.1;
					};
					9D2464B41A33616D003C9726 = {
						CreatedOnToolsVersion = 6.1;
						TestTargetID = 9D24649F1A33616D003C9726;
					};
				};
			};
			buildConfigurationList = 9D24649B1A33616D003C9726 /* Build configuration list for PBXProject "test2" */;
			compatibilityVersion = "Xcode 3.2";
			developmentRegion = English;
			hasScannedForEncodings = 0;
			knownRegions = (
				en,
				Base,
			);
			mainGroup = 9D2464971A33616D003C9726;
			productRefGroup = 9D2464A11A33616D003C9726 /* Products */;
			projectDirPath = "";
			projectRoot = "";
			targets = (
				9D24649F1A33616D003C9726 /* test2 */,
				9D2464B41A33616D003C9726 /* test2Tests */,
			);
		};
/* End PBXProject section */

/* Begin PBXResourcesBuildPhase section */
		9D24649E1A33616D003C9726 /* Resources */ = {
			isa = PBXResourcesBuildPhase;
			buildActionMask = 2147483647;
			files = (
				9D2464AB1A33616D003C9726 /* Main.storyboard in Resources */,
				9D2464B01A33616D003C9726 /* LaunchScreen.xib in Resources */,
				9D2464AD1A33616D003C9726 /* Images.xcassets in Resources */,
			);
			runOnlyForDeploymentPostprocessing = 0;
		};
		9D2464B31A33616D003C9726 /* Resources */ = {
			isa = PBXResourcesBuildPhase;
			buildActionMask = 2147483647;
			files = (
			);
			runOnlyForDeploymentPostprocessing = 0;
		};
/* End PBXResourcesBuildPhase section */

/* Begin PBXSourcesBuildPhase section */
		9D24649C1A33616D003C9726 /* Sources */ = {
			isa = PBXSourcesBuildPhase;
			buildActionMask = 2147483647;
			files = (
				9D2464A81A33616D003C9726 /* ViewController.swift in Sources */,
				9D2464A61A33616D003C9726 /* AppDelegate.swift in Sources */,
			);
			runOnlyForDeploymentPostprocessing = 0;
		};
		9D2464B11A33616D003C9726 /* Sources */ = {
			isa = PBXSourcesBuildPhase;
			buildActionMask = 2147483647;
			files = (
				9D2464BC1A33616D003C9726 /* test2Tests.swift in Sources */,
			);
			runOnlyForDeploymentPostprocessing = 0;
		};
/* End PBXSourcesBuildPhase section */

/* Begin PBXTargetDependency section */
		9D2464B71A33616D003C9726 /* PBXTargetDependency */ = {
			isa = PBXTargetDependency;
			target = 9D24649F1A33616D003C9726 /* test2 */;
			targetProxy = 9D2464B61A33616D003C9726 /* PBXContainerItemProxy */;
		};
/* End PBXTargetDependency section */

/* Begin PBXVariantGroup section */
		9D2464A91A33616D003C9726 /* Main.storyboard */ = {
			isa = PBXVariantGroup;
			children = (
				9D2464AA1A33616D003C9726 /* Base */,
			);
			name = Main.storyboard;
			sourceTree = "<group>";
		};
		9D2464AE1A33616D003C9726 /* LaunchScreen.xib */ = {
			isa = PBXVariantGroup;
			children = (
				9D2464AF1A33616D003C9726 /* Base */,
			);
			name = LaunchScreen.xib;
			sourceTree = "<group>";
		};
/* End PBXVariantGroup section */

/* Begin XCBuildConfiguration section */
		9D2464BD1A33616D003C9726 /* Debug */ = {
			isa = XCBuildConfiguration;
			buildSettings = {
				ALWAYS_SEARCH_USER_PATHS = NO;
				CLANG_CXX_LANGUAGE_STANDARD = "gnu++0x";
				CLANG_CXX_LIBRARY = "libc++";
				CLANG_ENABLE_MODULES = YES;
				CLANG_ENABLE_OBJC_ARC = YES;
				CLANG_WARN_BOOL_CONVERSION = YES;
				CLANG_WARN_CONSTANT_CONVERSION = YES;
				CLANG_WARN_DIRECT_OBJC_ISA_USAGE = YES_ERROR;
				CLANG_WARN_EMPTY_BODY = YES;
				CLANG_WARN_ENUM_CONVERSION = YES;
				CLANG_WARN_INT_CONVERSION = YES;
				CLANG_WARN_OBJC_ROOT_CLASS = YES_ERROR;
				CLANG_WARN_UNREACHABLE_CODE = YES;
				CLANG_WARN__DUPLICATE_METHOD_MATCH = YES;
				"CODE_SIGN_IDENTITY[sdk=iphoneos*]" = "iPhone Developer";
				COPY_PHASE_STRIP = NO;
				ENABLE_STRICT_OBJC_MSGSEND = YES;
				GCC_C_LANGUAGE_STANDARD = gnu99;
				GCC_DYNAMIC_NO_PIC = NO;
				GCC_OPTIMIZATION_LEVEL = 0;
				GCC_PREPROCESSOR_DEFINITIONS = (
					"DEBUG=1",
					"$(inherited)",
				);
				GCC_SYMBOLS_PRIVATE_EXTERN = NO;
				GCC_WARN_64_TO_32_BIT_CONVERSION = YES;
				GCC_WARN_ABOUT_RETURN_TYPE = YES_ERROR;
				GCC_WARN_UNDECLARED_SELECTOR = YES;
				GCC_WARN_UNINITIALIZED_AUTOS = YES_AGGRESSIVE;
				GCC_WARN_UNUSED_FUNCTION = YES;
				GCC_WARN_UNUSED_VARIABLE = YES;
				IPHONEOS_DEPLOYMENT_TARGET = 8.1;
				MTL_ENABLE_DEBUG_INFO = YES;
				ONLY_ACTIVE_ARCH = YES;
				SDKROOT = iphoneos;
				SWIFT_OPTIMIZATION_LEVEL = "-Onone";
			};
			name = Debug;
		};
		9D2464BE1A33616D003C9726 /* Release */ = {
			isa = XCBuildConfiguration;
			buildSettings = {
				ALWAYS_SEARCH_USER_PATHS = NO;
				CLANG_CXX_LANGUAGE_STANDARD = "gnu++0x";
				CLANG_CXX_LIBRARY = "libc++";
				CLANG_ENABLE_MODULES = YES;
				CLANG_ENABLE_OBJC_ARC = YES;
				CLANG_WARN_BOOL_CONVERSION = YES;
				CLANG_WARN_CONSTANT_CONVERSION = YES;
				CLANG_WARN_DIRECT_OBJC_ISA_USAGE = YES_ERROR;
				CLANG_WARN_EMPTY_BODY = YES;
				CLANG_WARN_ENUM_CONVERSION = YES;
				CLANG_WARN_INT_CONVERSION = YES;
				CLANG_WARN_OBJC_ROOT_CLASS = YES_ERROR;
				CLANG_WARN_UNREACHABLE_CODE = YES;
				CLANG_WARN__DUPLICATE_METHOD_MATCH = YES;
				"CODE_SIGN_IDENTITY[sdk=iphoneos*]" = "iPhone Developer";
				COPY_PHASE_STRIP = YES;
				ENABLE_NS_ASSERTIONS = NO;
				ENABLE_STRICT_OBJC_MSGSEND = YES;
				GCC_C_LANGUAGE_STANDARD = gnu99;
				GCC_WARN_64_TO_32_BIT_CONVERSION = YES;
				GCC_WARN_ABOUT_RETURN_TYPE = YES_ERROR;
				GCC_WARN_UNDECLARED_SELECTOR = YES;
				GCC_WARN_UNINITIALIZED_AUTOS = YES_AGGRESSIVE;
				GCC_WARN_UNUSED_FUNCTION = YES;
				GCC_WARN_UNUSED_VARIABLE = YES;
				IPHONEOS_DEPLOYMENT_TARGET = 8.1;
				MTL_ENABLE_DEBUG_INFO = NO;
				SDKROOT = iphoneos;
				VALIDATE_PRODUCT = YES;
			};
			name = Release;
		};
		9D2464C01A33616D003C9726 /* Debug */ = {
			isa = XCBuildConfiguration;
			buildSettings = {
				ASSETCATALOG_COMPILER_APPICON_NAME = AppIcon;
				INFOPLIST_FILE = test2/Info.plist;
				LD_RUNPATH_SEARCH_PATHS = "$(inherited) @executable_path/Frameworks";
				PRODUCT_NAME = "$(TARGET_NAME)";
			};
			name = Debug;
		};
		9D2464C11A33616D003C9726 /* Release */ = {
			isa = XCBuildConfiguration;
			buildSettings = {
				ASSETCATALOG_COMPILER_APPICON_NAME = AppIcon;
				INFOPLIST_FILE = test2/Info.plist;
				LD_RUNPATH_SEARCH_PATHS = "$(inherited) @executable_path/Frameworks";
				PRODUCT_NAME = "$(TARGET_NAME)";
			};
			name = Release;
		};
		9D2464C31A33616D003C9726 /* Debug */ = {
			isa = XCBuildConfiguration;
			buildSettings = {
				BUNDLE_LOADER = "$(TEST_HOST)";
				FRAMEWORK_SEARCH_PATHS = (
					"$(SDKROOT)/Developer/Library/Frameworks",
					"$(inherited)",
				);
				GCC_PREPROCESSOR_DEFINITIONS = (
					"DEBUG=1",
					"$(inherited)",
				);
				INFOPLIST_FILE = test2Tests/Info.plist;
				LD_RUNPATH_SEARCH_PATHS = "$(inherited) @executable_path/Frameworks @loader_path/Frameworks";
				PRODUCT_NAME = "$(TARGET_NAME)";
				TEST_HOST = "$(BUILT_PRODUCTS_DIR)/test2.app/test2";
			};
			name = Debug;
		};
		9D2464C41A33616D003C9726 /* Release */ = {
			isa = XCBuildConfiguration;
			buildSettings = {
				BUNDLE_LOADER = "$(TEST_HOST)";
				FRAMEWORK_SEARCH_PATHS = (
					"$(SDKROOT)/Developer/Library/Frameworks",
					"$(inherited)",
				);
				INFOPLIST_FILE = test2Tests/Info.plist;
				LD_RUNPATH_SEARCH_PATHS = "$(inherited) @executable_path/Frameworks @loader_path/Frameworks";
				PRODUCT_NAME = "$(TARGET_NAME)";
				TEST_HOST = "$(BUILT_PRODUCTS_DIR)/test2.app/test2";
			};
			name = Release;
		};
/* End XCBuildConfiguration section */

/* Begin XCConfigurationList section */
		9D24649B1A33616D003C9726 /* Build configuration list for PBXProject "test2" */ = {
			isa = XCConfigurationList;
			buildConfigurations = (
				9D2464BD1A33616D003C9726 /* Debug */,
				9D2464BE1A33616D003C9726 /* Release */,
			);
			defaultConfigurationIsVisible = 0;
			defaultConfigurationName = Release;
		};
		9D2464BF1A33616D003C9726 /* Build configuration list for PBXNativeTarget "test2" */ = {
			isa = XCConfigurationList;
			buildConfigurations = (
				9D2464C01A33616D003C9726 /* Debug */,
				9D2464C11A33616D003C9726 /* Release */,
			);
			defaultConfigurationIsVisible = 0;
		};
		9D2464C21A33616D003C9726 /* Build configuration list for PBXNativeTarget "test2Tests" */ = {
			isa = XCConfigurationList;
			buildConfigurations = (
				9D2464C31A33616D003C9726 /* Debug */,
				9D2464C41A33616D003C9726 /* Release */,
			);
			defaultConfigurationIsVisible = 0;
		};
/* End XCConfigurationList section */
	};
	rootObject = 9D2464981A33616D003C9726 /* Project object */;
}
